
Microsoft Visual Studio Solution File, Format Version 12.00
# Visual Studio 14
VisualStudioVersion = 14.0.25420.1
MinimumVisualStudioVersion = 10.0.40219.1
Project("{FAE04EC0-301F-11D3-BF4B-00C04F79EFBC}") = "CTS.BusinessLayerTests", "CTS.BusinessLayerTests\CTS.BusinessLayerTests.csproj", "{7E33E313-D475-4039-9F41-C42289CA64D4}"
EndProject
Project("{FAE04EC0-301F-11D3-BF4B-00C04F79EFBC}") = "CTS.DataLayer", "CTS.DataLayer\CTS.DataLayer.csproj", "{D9AA052B-DA7E-41D1-8BBC-75A64E0C0E13}"
EndProject
Project("{FAE04EC0-301F-11D3-BF4B-00C04F79EFBC}") = "CTS.ApplicationLayer", "CTS.ApplicationLayer\CTS.ApplicationLayer.csproj", "{5356C192-582B-455D-A067-9F871EE92E33}"
EndProject
Project("{FAE04EC0-301F-11D3-BF4B-00C04F79EFBC}") = "CTS.BusinessLayer", "CTS.BusinessLayer\CTS.BusinessLayer.csproj", "{2A9AFD73-D191-4B6F-9C04-A2D549A13E0A}"
EndProject
Global
	GlobalSection(SolutionConfigurationPlatforms) = preSolution
		Debug|Any CPU = Debug|Any CPU
		Release|Any CPU = Release|Any CPU
	EndGlobalSection
	GlobalSection(ProjectConfigurationPlatforms) = postSolution
		{7E33E313-D475-4039-9F41-C42289CA64D4}.Debug|Any CPU.ActiveCfg = Debug|Any CPU
		{7E33E313-D475-4039-9F41-C42289CA64D4}.Debug|Any CPU.Build.0 = Debug|Any CPU
		{7E33E313-D475-4039-9F41-C42289CA64D4}.Release|Any CPU.ActiveCfg = Release|Any CPU
		{7E33E313-D475-4039-9F41-C42289CA64D4}.Release|Any CPU.Build.0 = Release|Any CPU
		{D9AA052B-DA7E-41D1-8BBC-75A64E0C0E13}.Debug|Any CPU.ActiveCfg = Debug|Any CPU
		{D9AA052B-DA7E-41D1-8BBC-75A64E0C0E13}.Debug|Any CPU.Build.0 = Debug|Any CPU
		{D9AA052B-DA7E-41D1-8BBC-75A64E0C0E13}.Release|Any CPU.ActiveCfg = Release|Any CPU
		{D9AA052B-DA7E-41D1-8BBC-75A64E0C0E13}.Release|Any CPU.Build.0 = Release|Any CPU
		{5356C192-582B-455D-A067-9F871EE92E33}.Debug|Any CPU.ActiveCfg = Debug|Any CPU
		{5356C192-582B-455D-A067-9F871EE92E33}.Debug|Any CPU.Build.0 = Debug|Any CPU
		{5356C192-582B-455D-A067-9F871EE92E33}.Release|Any CPU.ActiveCfg = Release|Any CPU
		{5356C192-582B-455D-A067-9F871EE92E33}.Release|Any CPU.Build.0 = Release|Any CPU
		{2A9AFD73-D191-4B6F-9C04-A2D549A13E0A}.Debug|Any CPU.ActiveCfg = Debug|Any CPU
		{2A9AFD73-D191-4B6F-9C04-A2D549A13E0A}.Debug|Any CPU.Build.0 = Debug|Any CPU
		{2A9AFD73-D191-4B6F-9C04-A2D549A13E0A}.Release|Any CPU.ActiveCfg = Release|Any CPU
		{2A9AFD73-D191-4B6F-9C04-A2D549A13E0A}.Release|Any CPU.Build.0 = Release|Any CPU
	EndGlobalSection
	GlobalSection(SolutionProperties) = preSolution
		HideSolutionNode = FALSE
	EndGlobalSection
EndGlobal
